
Microsoft Visual Studio Solution File, Format Version 12.00
# Visual Studio Version 17
VisualStudioVersion = 17.3.32922.545
MinimumVisualStudioVersion = 10.0.40219.1
Project("{FAE04EC0-301F-11D3-BF4B-00C04F79EFBC}") = "MiniProj", "MiniProj.csproj", "{D6C521E4-2892-42AA-8FD8-081D76792E71}"
EndProject
Global
	GlobalSection(SolutionConfigurationPlatforms) = preSolution
		Debug|Any CPU = Debug|Any CPU
		Release|Any CPU = Release|Any CPU
	EndGlobalSection
	GlobalSection(ProjectConfigurationPlatforms) = postSolution
		{D6C521E4-2892-42AA-8FD8-081D76792E71}.Debug|Any CPU.ActiveCfg = Debug|Any CPU
		{D6C521E4-2892-42AA-8FD8-081D76792E71}.Debug|Any CPU.Build.0 = Debug|Any CPU
		{D6C521E4-2892-42AA-8FD8-081D76792E71}.Release|Any CPU.ActiveCfg = Release|Any CPU
		{D6C521E4-2892-42AA-8FD8-081D76792E71}.Release|Any CPU.Build.0 = Release|Any CPU
	EndGlobalSection
	GlobalSection(SolutionProperties) = preSolution
		HideSolutionNode = FALSE
	EndGlobalSection
	GlobalSection(ExtensibilityGlobals) = postSolution
		SolutionGuid = {A7896978-C252-4E9B-832F-BD280C7AC8FA}
	EndGlobalSection
EndGlobal
